
Microsoft Visual Studio Solution File, Format Version 12.00
# Visual Studio Version 17
VisualStudioVersion = 17.1.32319.34
MinimumVisualStudioVersion = 10.0.40219.1
Project("{FAE04EC0-301F-11D3-BF4B-00C04F79EFBC}") = "CapaPresentacion", "CapaPresentacion.csproj", "{8967345B-01E7-4E1D-80C2-D3FF0C6C89B8}"
EndProject
Project("{FAE04EC0-301F-11D3-BF4B-00C04F79EFBC}") = "CapaNegocio", "..\CapaNegocio\CapaNegocio.csproj", "{A4AA764A-C185-4CF6-B0B0-18600CD0C0D2}"
EndProject
Project("{FAE04EC0-301F-11D3-BF4B-00C04F79EFBC}") = "CapaDatos", "..\CapaDatos\CapaDatos.csproj", "{4E59FFAF-EC0F-4F74-A257-2B29F05E4C3E}"
EndProject
Project("{FAE04EC0-301F-11D3-BF4B-00C04F79EFBC}") = "CapaEntidad", "..\CapaEntidad\CapaEntidad.csproj", "{88C5AF80-06F1-4390-9098-9D578D81047F}"
EndProject
Global
	GlobalSection(SolutionConfigurationPlatforms) = preSolution
		Debug|Any CPU = Debug|Any CPU
		Release|Any CPU = Release|Any CPU
	EndGlobalSection
	GlobalSection(ProjectConfigurationPlatforms) = postSolution
		{8967345B-01E7-4E1D-80C2-D3FF0C6C89B8}.Debug|Any CPU.ActiveCfg = Debug|Any CPU
		{8967345B-01E7-4E1D-80C2-D3FF0C6C89B8}.Debug|Any CPU.Build.0 = Debug|Any CPU
		{8967345B-01E7-4E1D-80C2-D3FF0C6C89B8}.Release|Any CPU.ActiveCfg = Release|Any CPU
		{8967345B-01E7-4E1D-80C2-D3FF0C6C89B8}.Release|Any CPU.Build.0 = Release|Any CPU
		{A4AA764A-C185-4CF6-B0B0-18600CD0C0D2}.Debug|Any CPU.ActiveCfg = Debug|Any CPU
		{A4AA764A-C185-4CF6-B0B0-18600CD0C0D2}.Debug|Any CPU.Build.0 = Debug|Any CPU
		{A4AA764A-C185-4CF6-B0B0-18600CD0C0D2}.Release|Any CPU.ActiveCfg = Release|Any CPU
		{A4AA764A-C185-4CF6-B0B0-18600CD0C0D2}.Release|Any CPU.Build.0 = Release|Any CPU
		{4E59FFAF-EC0F-4F74-A257-2B29F05E4C3E}.Debug|Any CPU.ActiveCfg = Debug|Any CPU
		{4E59FFAF-EC0F-4F74-A257-2B29F05E4C3E}.Debug|Any CPU.Build.0 = Debug|Any CPU
		{4E59FFAF-EC0F-4F74-A257-2B29F05E4C3E}.Release|Any CPU.ActiveCfg = Release|Any CPU
		{4E59FFAF-EC0F-4F74-A257-2B29F05E4C3E}.Release|Any CPU.Build.0 = Release|Any CPU
		{88C5AF80-06F1-4390-9098-9D578D81047F}.Debug|Any CPU.ActiveCfg = Debug|Any CPU
		{88C5AF80-06F1-4390-9098-9D578D81047F}.Debug|Any CPU.Build.0 = Debug|Any CPU
		{88C5AF80-06F1-4390-9098-9D578D81047F}.Release|Any CPU.ActiveCfg = Release|Any CPU
		{88C5AF80-06F1-4390-9098-9D578D81047F}.Release|Any CPU.Build.0 = Release|Any CPU
	EndGlobalSection
	GlobalSection(SolutionProperties) = preSolution
		HideSolutionNode = FALSE
	EndGlobalSection
	GlobalSection(ExtensibilityGlobals) = postSolution
		SolutionGuid = {DAF1ACD7-B27E-445B-9E74-A2E57462DA9B}
	EndGlobalSection
EndGlobal
